# This file is automatically @generated by Poetry and should not be changed by hand.

[[package]]
name = "aws-lambda-powertools"
version = "2.16.2"
description = "Powertools for AWS Lambda (Python) is a developer toolkit to implement Serverless best practices and increase developer velocity."
category = "main"
optional = false
python-versions = ">=3.7.4,<4.0.0"
files = [
    {file = "aws_lambda_powertools-2.16.2-py3-none-any.whl", hash = "sha256:f77c14b60a6f36e0466ba462b331f0c6187a05dd5b2946bdeed9827597e27be6"},
    {file = "aws_lambda_powertools-2.16.2.tar.gz", hash = "sha256:43600c56fb268172ade9ea1e3fb8e66070f1c5345af7737e4b1915d14c9f89dd"},
]

[package.dependencies]
typing-extensions = ">=4.6.2,<5.0.0"

[package.extras]
all = ["aws-xray-sdk (>=2.8.0,<3.0.0)", "fastjsonschema (>=2.14.5,<3.0.0)", "pydantic (>=1.8.2,<2.0.0)"]
aws-sdk = ["boto3 (>=1.20.32,<2.0.0)"]
parser = ["pydantic (>=1.8.2,<2.0.0)"]
tracer = ["aws-xray-sdk (>=2.8.0,<3.0.0)"]
validation = ["fastjsonschema (>=2.14.5,<3.0.0)"]

[[package]]
name = "typing-extensions"
version = "4.6.3"
description = "Backported and Experimental Type Hints for Python 3.7+"
category = "main"
optional = false
python-versions = ">=3.7"
files = [
    {file = "typing_extensions-4.6.3-py3-none-any.whl", hash = "sha256:88a4153d8505aabbb4e13aacb7c486c2b4a33ca3b3f807914a9b4c844c471c26"},
    {file = "typing_extensions-4.6.3.tar.gz", hash = "sha256:d91d5919357fe7f681a9f2b5b4cb2a5f1ef0a1e9f59c4d8ff0d3491e05c0ffd5"},
]

[metadata]
lock-version = "2.0"
python-versions = "^3.9"
content-hash = "f42c63f069fb3c649efe0a8ef6075456559857846300a0cbd4845d2cc96fcda8"
